lockVersion: 2.0.0
id: dfe6692d-0cec-4a35-a1ef-efa7dd06b734
management:
  docChecksum: 0144fa487c5dc64a86bc992d5a8150cc
  docVersion: 1.0.0
  speakeasyVersion: internal
  generationVersion: 2.272.7
  releaseVersion: 0.9.5
  configChecksum: f9f40f16554870074e76e9c13fb13bcb
  repoURL: https://github.com/speakeasy-sdks/delta-api.git
  repoSubDirectory: .
  installationURL: https://github.com/speakeasy-sdks/delta-api
  published: true
features:
  typescript:
    core: 3.4.8
    globalSecurity: 2.82.4
    globalServerURLs: 2.82.1
generatedFiles:
  - src/sdk/accounts.ts
  - src/sdk/inventory.ts
  - src/sdk/location.ts
  - src/sdk/journalentries.ts
  - src/sdk/orders.ts
  - src/sdk/fulfillments.ts
  - src/sdk/returns.ts
  - src/sdk/products.ts
  - src/sdk/transactions.ts
  - src/sdk/sdk.ts
  - .eslintrc.yml
  - jest.config.js
  - package-lock.json
  - package.json
  - src/index.ts
  - src/internal/utils/contenttype.ts
  - src/internal/utils/headers.ts
  - src/internal/utils/index.ts
  - src/internal/utils/pathparams.ts
  - src/internal/utils/queryparams.ts
  - src/internal/utils/requestbody.ts
  - src/internal/utils/retries.ts
  - src/internal/utils/security.ts
  - src/internal/utils/utils.ts
  - src/sdk/index.ts
  - src/sdk/models/errors/sdkerror.ts
  - src/sdk/types/index.ts
  - src/sdk/types/rfcdate.ts
  - tsconfig.json
  - src/sdk/models/operations/getaccountbyid.ts
  - src/sdk/models/operations/getaccounts.ts
  - src/sdk/models/operations/getinvetory.ts
  - src/sdk/models/operations/getinvetorybyid.ts
  - src/sdk/models/operations/postsetinventories.ts
  - src/sdk/models/operations/getlocationbyid.ts
  - src/sdk/models/operations/postlocation.ts
  - src/sdk/models/operations/getjournalentries.ts
  - src/sdk/models/operations/getjournalentrybyid.ts
  - src/sdk/models/operations/getorderbyid.ts
  - src/sdk/models/operations/getorders.ts
  - src/sdk/models/operations/patchtorders.ts
  - src/sdk/models/operations/postorders.ts
  - src/sdk/models/operations/getfulfillmentbyid.ts
  - src/sdk/models/operations/postfulfillments.ts
  - src/sdk/models/operations/getreturnbyid.ts
  - src/sdk/models/operations/postreturns.ts
  - src/sdk/models/operations/getproductbyid.ts
  - src/sdk/models/operations/getproducts.ts
  - src/sdk/models/operations/postproducts.ts
  - src/sdk/models/operations/gettransactionbyid.ts
  - src/sdk/models/operations/gettransactions.ts
  - src/sdk/models/shared/account.ts
  - src/sdk/models/shared/accountcollection.ts
  - src/sdk/models/shared/inventory.ts
  - src/sdk/models/shared/inventoryset.ts
  - src/sdk/models/shared/location.ts
  - src/sdk/models/shared/journalentry.ts
  - src/sdk/models/shared/order.ts
  - src/sdk/models/shared/fulfillment.ts
  - src/sdk/models/shared/ordercollection.ts
  - src/sdk/models/shared/orderwithoutid.ts
  - src/sdk/models/shared/return.ts
  - src/sdk/models/shared/returnwithoutid.ts
  - src/sdk/models/shared/product.ts
  - src/sdk/models/shared/productwithoutid.ts
  - src/sdk/models/shared/transaction.ts
  - src/sdk/models/shared/security.ts
  - src/sdk/models/errors/error.ts
  - src/sdk/models/errors/index.ts
  - src/sdk/models/operations/index.ts
  - src/sdk/models/shared/index.ts
  - docs/sdk/models/operations/getaccountbyidrequest.md
  - docs/sdk/models/operations/getaccountbyidresponse.md
  - docs/sdk/models/operations/getaccountsrequest.md
  - docs/sdk/models/operations/getaccountsresponse.md
  - docs/sdk/models/operations/getinvetoryresponse.md
  - docs/sdk/models/operations/getinvetorybyidrequest.md
  - docs/sdk/models/operations/getinvetorybyidresponse.md
  - docs/sdk/models/operations/postsetinventoriesresponse.md
  - docs/sdk/models/operations/getlocationbyidrequest.md
  - docs/sdk/models/operations/getlocationbyidresponse.md
  - docs/sdk/models/operations/postlocationresponse.md
  - docs/sdk/models/operations/getjournalentriesresponse.md
  - docs/sdk/models/operations/getjournalentrybyidrequest.md
  - docs/sdk/models/operations/getjournalentrybyidresponse.md
  - docs/sdk/models/operations/getorderbyidrequest.md
  - docs/sdk/models/operations/getorderbyidresponse.md
  - docs/types/rfcdate.md
  - docs/sdk/models/operations/getordersrequest.md
  - docs/sdk/models/operations/getordersresponse.md
  - docs/sdk/models/operations/patchtordersrequest.md
  - docs/sdk/models/operations/patchtordersresponse.md
  - docs/sdk/models/operations/postordersresponse.md
  - docs/sdk/models/operations/getfulfillmentbyidrequest.md
  - docs/sdk/models/operations/getfulfillmentbyidresponse.md
  - docs/sdk/models/operations/postfulfillmentsresponse.md
  - docs/sdk/models/operations/getreturnbyidrequest.md
  - docs/sdk/models/operations/getreturnbyidresponse.md
  - docs/sdk/models/operations/postreturnsresponse.md
  - docs/sdk/models/operations/getproductbyidrequest.md
  - docs/sdk/models/operations/getproductbyidresponse.md
  - docs/sdk/models/operations/getproductsresponse.md
  - docs/sdk/models/operations/postproductsresponse.md
  - docs/sdk/models/operations/gettransactionbyidrequest.md
  - docs/sdk/models/operations/gettransactionbyidresponse.md
  - docs/sdk/models/operations/gettransactionsresponse.md
  - docs/sdk/models/shared/category.md
  - docs/sdk/models/shared/status.md
  - docs/sdk/models/shared/typet.md
  - docs/sdk/models/shared/account.md
  - docs/sdk/models/shared/accountcollection.md
  - docs/sdk/models/shared/inventory.md
  - docs/sdk/models/shared/inventoryset.md
  - docs/sdk/models/shared/locationstatus.md
  - docs/sdk/models/shared/locationtype.md
  - docs/sdk/models/shared/location.md
  - docs/sdk/models/shared/journalentrylineitems.md
  - docs/sdk/models/shared/journalentry.md
  - docs/sdk/models/shared/billingaddress.md
  - docs/sdk/models/shared/fulfillmentstatus.md
  - docs/sdk/models/shared/orderinventory.md
  - docs/sdk/models/shared/orderlineitems.md
  - docs/sdk/models/shared/paymentstatus.md
  - docs/sdk/models/shared/shippingaddress.md
  - docs/sdk/models/shared/orderstatus.md
  - docs/sdk/models/shared/order.md
  - docs/sdk/models/shared/lineitems.md
  - docs/sdk/models/shared/orders.md
  - docs/sdk/models/shared/unitweight.md
  - docs/sdk/models/shared/fulfillment.md
  - docs/sdk/models/shared/ordercollection.md
  - docs/sdk/models/shared/orderwithoutidbillingaddress.md
  - docs/sdk/models/shared/orderwithoutidfulfillmentstatus.md
  - docs/sdk/models/shared/orderwithoutidinventory.md
  - docs/sdk/models/shared/orderwithoutidlineitems.md
  - docs/sdk/models/shared/orderwithoutidpaymentstatus.md
  - docs/sdk/models/shared/orderwithoutidshippingaddress.md
  - docs/sdk/models/shared/orderwithoutidstatus.md
  - docs/sdk/models/shared/orderwithoutid.md
  - docs/sdk/models/shared/condition.md
  - docs/sdk/models/shared/returneditems.md
  - docs/sdk/models/shared/returnedorders.md
  - docs/sdk/models/shared/returnstatus.md
  - docs/sdk/models/shared/return.md
  - docs/sdk/models/shared/returnwithoutidcondition.md
  - docs/sdk/models/shared/returnwithoutidreturneditems.md
  - docs/sdk/models/shared/returnwithoutidreturnedorders.md
  - docs/sdk/models/shared/returnwithoutidstatus.md
  - docs/sdk/models/shared/returnwithoutid.md
  - docs/sdk/models/shared/media.md
  - docs/sdk/models/shared/nomenclature.md
  - docs/sdk/models/shared/tariffcodes.md
  - docs/sdk/models/shared/customs.md
  - docs/sdk/models/shared/dimensions.md
  - docs/sdk/models/shared/productmedia.md
  - docs/sdk/models/shared/taxrate.md
  - docs/sdk/models/shared/pricingdetails.md
  - docs/sdk/models/shared/tags.md
  - docs/sdk/models/shared/unittype.md
  - docs/sdk/models/shared/variants.md
  - docs/sdk/models/shared/product.md
  - docs/sdk/models/shared/productwithoutidmedia.md
  - docs/sdk/models/shared/productwithoutidnomenclature.md
  - docs/sdk/models/shared/productwithoutidtariffcodes.md
  - docs/sdk/models/shared/productwithoutidcustoms.md
  - docs/sdk/models/shared/productwithoutiddimensions.md
  - docs/sdk/models/shared/productwithoutidschemasmedia.md
  - docs/sdk/models/shared/productwithoutidtaxrate.md
  - docs/sdk/models/shared/productwithoutidpricingdetails.md
  - docs/sdk/models/shared/productwithoutidtags.md
  - docs/sdk/models/shared/productwithoutidunittype.md
  - docs/sdk/models/shared/productwithoutidvariants.md
  - docs/sdk/models/shared/productwithoutid.md
  - docs/sdk/models/shared/paymentmethod.md
  - docs/sdk/models/shared/transactionstatus.md
  - docs/sdk/models/shared/transactiontype.md
  - docs/sdk/models/shared/transaction.md
  - docs/sdk/models/shared/security.md
  - docs/sdk/models/errors/errort.md
  - docs/sdks/delta/README.md
  - docs/sdks/accounts/README.md
  - docs/sdks/inventory/README.md
  - docs/sdks/location/README.md
  - docs/sdks/journalentries/README.md
  - docs/sdks/orders/README.md
  - docs/sdks/fulfillments/README.md
  - docs/sdks/returns/README.md
  - docs/sdks/products/README.md
  - docs/sdks/transactions/README.md
  - USAGE.md
  - .gitattributes
